// !$*UTF8*$!
{
	archiveVersion = 1;
	classes = {
	};
	objectVersion = 50;
	objects = {

/* Begin PBXBuildFile section */
		9D8EC54C54CE20888360FCEA /* Pods_KChic_Chat.framework in Frameworks */ = {isa = PBXBuildFile; fileRef = 92E877875E90B2D7A8F204B8 /* Pods_KChic_Chat.framework */; };
		C201A9A721949914004E43D6 /* AppDelegate.swift in Sources */ = {isa = PBXBuildFile; fileRef = C201A9A621949914004E43D6 /* AppDelegate.swift */; };
		C201A9A921949914004E43D6 /* MessagesController.swift in Sources */ = {isa = PBXBuildFile; fileRef = C201A9A821949914004E43D6 /* MessagesController.swift */; };
		C201A9AE21949915004E43D6 /* Assets.xcassets in Resources */ = {isa = PBXBuildFile; fileRef = C201A9AD21949915004E43D6 /* Assets.xcassets */; };
		C201A9B121949915004E43D6 /* LaunchScreen.storyboard in Resources */ = {isa = PBXBuildFile; fileRef = C201A9AF21949915004E43D6 /* LaunchScreen.storyboard */; };
		C201A9BC219525BE004E43D6 /* UIColorHex.swift in Sources */ = {isa = PBXBuildFile; fileRef = C201A9BB219525BE004E43D6 /* UIColorHex.swift */; };
		C201A9C121952A7B004E43D6 /* LoginViewController.swift in Sources */ = {isa = PBXBuildFile; fileRef = C201A9C021952A7B004E43D6 /* LoginViewController.swift */; };
		C201A9C42195312C004E43D6 /* Montserrat-Black.ttf in Resources */ = {isa = PBXBuildFile; fileRef = C201A9C321953124004E43D6 /* Montserrat-Black.ttf */; };
		C201A9C621953BD1004E43D6 /* SignUpViewController.swift in Sources */ = {isa = PBXBuildFile; fileRef = C201A9C521953BD1004E43D6 /* SignUpViewController.swift */; };
		C201A9C821956246004E43D6 /* EXTCollections.swift in Sources */ = {isa = PBXBuildFile; fileRef = C201A9C721956246004E43D6 /* EXTCollections.swift */; };
		C201A9CC219566F4004E43D6 /* GoogleService-Info.plist in Resources */ = {isa = PBXBuildFile; fileRef = C201A9CB219566F4004E43D6 /* GoogleService-Info.plist */; };
		C201A9CF21957177004E43D6 /* SpinnerViewController.swift in Sources */ = {isa = PBXBuildFile; fileRef = C201A9CE21957177004E43D6 /* SpinnerViewController.swift */; };
		C223325E219A85F200B1F67E /* SignUpControllerExt.swift in Sources */ = {isa = PBXBuildFile; fileRef = C223325D219A85F200B1F67E /* SignUpControllerExt.swift */; };
		C22B9E1221997813004AFA0A /* NewMessageController.swift in Sources */ = {isa = PBXBuildFile; fileRef = C22B9E1121997813004AFA0A /* NewMessageController.swift */; };
		C22B9E1521997B71004AFA0A /* UserModel.swift in Sources */ = {isa = PBXBuildFile; fileRef = C22B9E1421997B71004AFA0A /* UserModel.swift */; };
		C22B9E1721998159004AFA0A /* TestClass.swift in Sources */ = {isa = PBXBuildFile; fileRef = C22B9E1621998159004AFA0A /* TestClass.swift */; };
		C28BE9E1219EC67600BE7B38 /* ChatMessageCell.swift in Sources */ = {isa = PBXBuildFile; fileRef = C28BE9E0219EC67600BE7B38 /* ChatMessageCell.swift */; };
		C2DA18E5219BCE1200350D4D /* UIImageExt.swift in Sources */ = {isa = PBXBuildFile; fileRef = C2DA18E4219BCE1200350D4D /* UIImageExt.swift */; };
		C2DA18E7219D046A00350D4D /* ChatLogViewController.swift in Sources */ = {isa = PBXBuildFile; fileRef = C2DA18E6219D046A00350D4D /* ChatLogViewController.swift */; };
		C2DA18E9219D507F00350D4D /* MessageModel.swift in Sources */ = {isa = PBXBuildFile; fileRef = C2DA18E8219D507F00350D4D /* MessageModel.swift */; };
		C2DA18EC219D588400350D4D /* UserCell.swift in Sources */ = {isa = PBXBuildFile; fileRef = C2DA18EB219D588400350D4D /* UserCell.swift */; };
/* End PBXBuildFile section */

/* Begin PBXFileReference section */
		92E877875E90B2D7A8F204B8 /* Pods_KChic_Chat.framework */ = {isa = PBXFileReference; explicitFileType = wrapper.framework; includeInIndex = 0; path = Pods_KChic_Chat.framework; sourceTree = BUILT_PRODUCTS_DIR; };
		9F8F8B1C5153C2A4F0A6A747 /* Pods-KChic-Chat.release.xcconfig */ = {isa = PBXFileReference; includeInIndex = 1; lastKnownFileType = text.xcconfig; name = "Pods-KChic-Chat.release.xcconfig"; path = "Pods/Target Support Files/Pods-KChic-Chat/Pods-KChic-Chat.release.xcconfig"; sourceTree = "<group>"; };
		C201A9A321949914004E43D6 /* KChic-Chat.app */ = {isa = PBXFileReference; explicitFileType = wrapper.application; includeInIndex = 0; path = "KChic-Chat.app"; sourceTree = BUILT_PRODUCTS_DIR; };
		C201A9A621949914004E43D6 /* AppDelegate.swift */ = {isa = PBXFileReference; lastKnownFileType = sourcecode.swift; path = AppDelegate.swift; sourceTree = "<group>"; };
		C201A9A821949914004E43D6 /* MessagesController.swift */ = {isa = PBXFileReference; lastKnownFileType = sourcecode.swift; path = MessagesController.swift; sourceTree = "<group>"; };
		C201A9AD21949915004E43D6 /* Assets.xcassets */ = {isa = PBXFileReference; lastKnownFileType = folder.assetcatalog; path = Assets.xcassets; sourceTree = "<group>"; };
		C201A9B021949915004E43D6 /* Base */ = {isa = PBXFileReference; lastKnownFileType = file.storyboard; name = Base; path = Base.lproj/LaunchScreen.storyboard; sourceTree = "<group>"; };
		C201A9B221949915004E43D6 /* Info.plist */ = {isa = PBXFileReference; lastKnownFileType = text.plist.xml; path = Info.plist; sourceTree = "<group>"; };
		C201A9BB219525BE004E43D6 /* UIColorHex.swift */ = {isa = PBXFileReference; lastKnownFileType = sourcecode.swift; path = UIColorHex.swift; sourceTree = "<group>"; };
		C201A9C021952A7B004E43D6 /* LoginViewController.swift */ = {isa = PBXFileReference; lastKnownFileType = sourcecode.swift; path = LoginViewController.swift; sourceTree = "<group>"; };
		C201A9C2219530EF004E43D6 /* Montserrat-Bold.ttf */ = {isa = PBXFileReference; lastKnownFileType = file; name = "Montserrat-Bold.ttf"; path = "../../../../../Downloads/Montserrat/Montserrat-Bold.ttf"; sourceTree = "<group>"; };
		C201A9C321953124004E43D6 /* Montserrat-Black.ttf */ = {isa = PBXFileReference; lastKnownFileType = file; path = "Montserrat-Black.ttf"; sourceTree = "<group>"; };
		C201A9C521953BD1004E43D6 /* SignUpViewController.swift */ = {isa = PBXFileReference; lastKnownFileType = sourcecode.swift; path = SignUpViewController.swift; sourceTree = "<group>"; };
		C201A9C721956246004E43D6 /* EXTCollections.swift */ = {isa = PBXFileReference; lastKnownFileType = sourcecode.swift; path = EXTCollections.swift; sourceTree = "<group>"; };
		C201A9CB219566F4004E43D6 /* GoogleService-Info.plist */ = {isa = PBXFileReference; fileEncoding = 4; lastKnownFileType = text.plist.xml; path = "GoogleService-Info.plist"; sourceTree = "<group>"; };
		C201A9CE21957177004E43D6 /* SpinnerViewController.swift */ = {isa = PBXFileReference; lastKnownFileType = sourcecode.swift; path = SpinnerViewController.swift; sourceTree = "<group>"; };
		C223325D219A85F200B1F67E /* SignUpControllerExt.swift */ = {isa = PBXFileReference; lastKnownFileType = sourcecode.swift; path = SignUpControllerExt.swift; sourceTree = "<group>"; };
		C22B9E1121997813004AFA0A /* NewMessageController.swift */ = {isa = PBXFileReference; lastKnownFileType = sourcecode.swift; path = NewMessageController.swift; sourceTree = "<group>"; };
		C22B9E1421997B71004AFA0A /* UserModel.swift */ = {isa = PBXFileReference; lastKnownFileType = sourcecode.swift; path = UserModel.swift; sourceTree = "<group>"; };
		C22B9E1621998159004AFA0A /* TestClass.swift */ = {isa = PBXFileReference; lastKnownFileType = sourcecode.swift; path = TestClass.swift; sourceTree = "<group>"; };
		C28BE9E0219EC67600BE7B38 /* ChatMessageCell.swift */ = {isa = PBXFileReference; lastKnownFileType = sourcecode.swift; path = ChatMessageCell.swift; sourceTree = "<group>"; };
		C2DA18E4219BCE1200350D4D /* UIImageExt.swift */ = {isa = PBXFileReference; lastKnownFileType = sourcecode.swift; path = UIImageExt.swift; sourceTree = "<group>"; };
		C2DA18E6219D046A00350D4D /* ChatLogViewController.swift */ = {isa = PBXFileReference; lastKnownFileType = sourcecode.swift; path = ChatLogViewController.swift; sourceTree = "<group>"; };
		C2DA18E8219D507F00350D4D /* MessageModel.swift */ = {isa = PBXFileReference; lastKnownFileType = sourcecode.swift; path = MessageModel.swift; sourceTree = "<group>"; };
		C2DA18EB219D588400350D4D /* UserCell.swift */ = {isa = PBXFileReference; lastKnownFileType = sourcecode.swift; path = UserCell.swift; sourceTree = "<group>"; };
		FC2ED27E98DC924B2717C30E /* Pods-KChic-Chat.debug.xcconfig */ = {isa = PBXFileReference; includeInIndex = 1; lastKnownFileType = text.xcconfig; name = "Pods-KChic-Chat.debug.xcconfig"; path = "Pods/Target Support Files/Pods-KChic-Chat/Pods-KChic-Chat.debug.xcconfig"; sourceTree = "<group>"; };
/* End PBXFileReference section */

/* Begin PBXFrameworksBuildPhase section */
		C201A9A021949914004E43D6 /* Frameworks */ = {
			isa = PBXFrameworksBuildPhase;
			buildActionMask = 2147483647;
			files = (
				9D8EC54C54CE20888360FCEA /* Pods_KChic_Chat.framework in Frameworks */,
			);
			runOnlyForDeploymentPostprocessing = 0;
		};
/* End PBXFrameworksBuildPhase section */

/* Begin PBXGroup section */
		5C40CEF0C4ED9B54B76F478B /* Frameworks */ = {
			isa = PBXGroup;
			children = (
				92E877875E90B2D7A8F204B8 /* Pods_KChic_Chat.framework */,
			);
			name = Frameworks;
			sourceTree = "<group>";
		};
		5CC56350BA34B34C645941D2 /* Pods */ = {
			isa = PBXGroup;
			children = (
				FC2ED27E98DC924B2717C30E /* Pods-KChic-Chat.debug.xcconfig */,
				9F8F8B1C5153C2A4F0A6A747 /* Pods-KChic-Chat.release.xcconfig */,
			);
			name = Pods;
			sourceTree = "<group>";
		};
		C201A99A21949914004E43D6 = {
			isa = PBXGroup;
			children = (
				C201A9A521949914004E43D6 /* KChic-Chat */,
				C201A9A421949914004E43D6 /* Products */,
				5CC56350BA34B34C645941D2 /* Pods */,
				5C40CEF0C4ED9B54B76F478B /* Frameworks */,
			);
			sourceTree = "<group>";
		};
		C201A9A421949914004E43D6 /* Products */ = {
			isa = PBXGroup;
			children = (
				C201A9A321949914004E43D6 /* KChic-Chat.app */,
			);
			name = Products;
			sourceTree = "<group>";
		};
		C201A9A521949914004E43D6 /* KChic-Chat */ = {
			isa = PBXGroup;
			children = (
				C2DA18EA219D587400350D4D /* View */,
				C22B9E1321997B55004AFA0A /* Model */,
				C201A9CD21957156004E43D6 /* Utils */,
				C201A9BD21952775004E43D6 /* Fonts */,
				C201A9BA21952587004E43D6 /* Extensions */,
				C201A9B92195222D004E43D6 /* ViewController */,
				C201A9B821952218004E43D6 /* Singleton */,
				C201A9AD21949915004E43D6 /* Assets.xcassets */,
				C201A9AF21949915004E43D6 /* LaunchScreen.storyboard */,
				C201A9B221949915004E43D6 /* Info.plist */,
				C201A9CB219566F4004E43D6 /* GoogleService-Info.plist */,
			);
			path = "KChic-Chat";
			sourceTree = "<group>";
		};
		C201A9B821952218004E43D6 /* Singleton */ = {
			isa = PBXGroup;
			children = (
				C201A9A621949914004E43D6 /* AppDelegate.swift */,
			);
			path = Singleton;
			sourceTree = "<group>";
		};
		C201A9B92195222D004E43D6 /* ViewController */ = {
			isa = PBXGroup;
			children = (
				C201A9A821949914004E43D6 /* MessagesController.swift */,
				C201A9C021952A7B004E43D6 /* LoginViewController.swift */,
				C201A9C521953BD1004E43D6 /* SignUpViewController.swift */,
				C22B9E1121997813004AFA0A /* NewMessageController.swift */,
				C223325D219A85F200B1F67E /* SignUpControllerExt.swift */,
				C2DA18E6219D046A00350D4D /* ChatLogViewController.swift */,
			);
			path = ViewController;
			sourceTree = "<group>";
		};
		C201A9BA21952587004E43D6 /* Extensions */ = {
			isa = PBXGroup;
			children = (
				C201A9BB219525BE004E43D6 /* UIColorHex.swift */,
				C201A9C721956246004E43D6 /* EXTCollections.swift */,
				C2DA18E4219BCE1200350D4D /* UIImageExt.swift */,
			);
			path = Extensions;
			sourceTree = "<group>";
		};
		C201A9BD21952775004E43D6 /* Fonts */ = {
			isa = PBXGroup;
			children = (
				C201A9C321953124004E43D6 /* Montserrat-Black.ttf */,
				C201A9C2219530EF004E43D6 /* Montserrat-Bold.ttf */,
			);
			path = Fonts;
			sourceTree = "<group>";
		};
		C201A9CD21957156004E43D6 /* Utils */ = {
			isa = PBXGroup;
			children = (
				C201A9CE21957177004E43D6 /* SpinnerViewController.swift */,
			);
			path = Utils;
			sourceTree = "<group>";
		};
		C22B9E1321997B55004AFA0A /* Model */ = {
			isa = PBXGroup;
			children = (
				C22B9E1421997B71004AFA0A /* UserModel.swift */,
				C22B9E1621998159004AFA0A /* TestClass.swift */,
				C2DA18E8219D507F00350D4D /* MessageModel.swift */,
			);
			path = Model;
			sourceTree = "<group>";
		};
		C2DA18EA219D587400350D4D /* View */ = {
			isa = PBXGroup;
			children = (
				C2DA18EB219D588400350D4D /* UserCell.swift */,
				C28BE9E0219EC67600BE7B38 /* ChatMessageCell.swift */,
			);
			path = View;
			sourceTree = "<group>";
		};
/* End PBXGroup section */

/* Begin PBXNativeTarget section */
		C201A9A221949914004E43D6 /* KChic-Chat */ = {
			isa = PBXNativeTarget;
			buildConfigurationList = C201A9B521949915004E43D6 /* Build configuration list for PBXNativeTarget "KChic-Chat" */;
			buildPhases = (
				7B9082446EAA97ED31D91353 /* [CP] Check Pods Manifest.lock */,
				C201A99F21949914004E43D6 /* Sources */,
				C201A9A021949914004E43D6 /* Frameworks */,
				C201A9A121949914004E43D6 /* Resources */,
				69BCBDF0419FD25BE1C1C6DA /* [CP] Embed Pods Frameworks */,
				4A6C828EA5EE5B10E87B130B /* [CP] Copy Pods Resources */,
			);
			buildRules = (
			);
			dependencies = (
			);
			name = "KChic-Chat";
			productName = "KChic-Chat";
			productReference = C201A9A321949914004E43D6 /* KChic-Chat.app */;
			productType = "com.apple.product-type.application";
		};
/* End PBXNativeTarget section */

/* Begin PBXProject section */
		C201A99B21949914004E43D6 /* Project object */ = {
			isa = PBXProject;
			attributes = {
				LastSwiftUpdateCheck = 1000;
				LastUpgradeCheck = 1000;
				ORGANIZATIONNAME = Iengpho;
				TargetAttributes = {
					C201A9A221949914004E43D6 = {
						CreatedOnToolsVersion = 10.0;
					};
				};
			};
			buildConfigurationList = C201A99E21949914004E43D6 /* Build configuration list for PBXProject "KChic-Chat" */;
			compatibilityVersion = "Xcode 9.3";
			developmentRegion = en;
			hasScannedForEncodings = 0;
			knownRegions = (
				en,
				Base,
			);
			mainGroup = C201A99A21949914004E43D6;
			productRefGroup = C201A9A421949914004E43D6 /* Products */;
			projectDirPath = "";
			projectRoot = "";
			targets = (
				C201A9A221949914004E43D6 /* KChic-Chat */,
			);
		};
/* End PBXProject section */

/* Begin PBXResourcesBuildPhase section */
		C201A9A121949914004E43D6 /* Resources */ = {
			isa = PBXResourcesBuildPhase;
			buildActionMask = 2147483647;
			files = (
				C201A9B121949915004E43D6 /* LaunchScreen.storyboard in Resources */,
				C201A9C42195312C004E43D6 /* Montserrat-Black.ttf in Resources */,
				C201A9AE21949915004E43D6 /* Assets.xcassets in Resources */,
				C201A9CC219566F4004E43D6 /* GoogleService-Info.plist in Resources */,
			);
			runOnlyForDeploymentPostprocessing = 0;
		};
/* End PBXResourcesBuildPhase section */

/* Begin PBXShellScriptBuildPhase section */
		4A6C828EA5EE5B10E87B130B /* [CP] Copy Pods Resources */ = {
			isa = PBXShellScriptBuildPhase;
			buildActionMask = 2147483647;
			files = (
			);
			inputFileListPaths = (
			);
			inputPaths = (
			);
			name = "[CP] Copy Pods Resources";
			outputFileListPaths = (
			);
			outputPaths = (
			);
			runOnlyForDeploymentPostprocessing = 0;
			shellPath = /bin/sh;
			shellScript = "\"${SRCROOT}/Pods/Target Support Files/Pods-KChic-Chat/Pods-KChic-Chat-resources.sh\"\n";
			showEnvVarsInLog = 0;
		};
		69BCBDF0419FD25BE1C1C6DA /* [CP] Embed Pods Frameworks */ = {
			isa = PBXShellScriptBuildPhase;
			buildActionMask = 2147483647;
			files = (
			);
			inputFileListPaths = (
			);
			inputPaths = (
				"${SRCROOT}/Pods/Target Support Files/Pods-KChic-Chat/Pods-KChic-Chat-frameworks.sh",
				"${BUILT_PRODUCTS_DIR}/GTMSessionFetcher/GTMSessionFetcher.framework",
				"${BUILT_PRODUCTS_DIR}/GoogleToolboxForMac/GoogleToolboxForMac.framework",
				"${BUILT_PRODUCTS_DIR}/nanopb/nanopb.framework",
			);
			name = "[CP] Embed Pods Frameworks";
			outputFileListPaths = (
			);
			outputPaths = (
				"${TARGET_BUILD_DIR}/${FRAMEWORKS_FOLDER_PATH}/GTMSessionFetcher.framework",
				"${TARGET_BUILD_DIR}/${FRAMEWORKS_FOLDER_PATH}/GoogleToolboxForMac.framework",
				"${TARGET_BUILD_DIR}/${FRAMEWORKS_FOLDER_PATH}/nanopb.framework",
			);
			runOnlyForDeploymentPostprocessing = 0;
			shellPath = /bin/sh;
			shellScript = "\"${SRCROOT}/Pods/Target Support Files/Pods-KChic-Chat/Pods-KChic-Chat-frameworks.sh\"\n";
			showEnvVarsInLog = 0;
		};
		7B9082446EAA97ED31D91353 /* [CP] Check Pods Manifest.lock */ = {
			isa = PBXShellScriptBuildPhase;
			buildActionMask = 2147483647;
			files = (
			);
			inputFileListPaths = (
			);
			inputPaths = (
				"${PODS_PODFILE_DIR_PATH}/Podfile.lock",
				"${PODS_ROOT}/Manifest.lock",
			);
			name = "[CP] Check Pods Manifest.lock";
			outputFileListPaths = (
			);
			outputPaths = (
				"$(DERIVED_FILE_DIR)/Pods-KChic-Chat-checkManifestLockResult.txt",
			);
			runOnlyForDeploymentPostprocessing = 0;
			shellPath = /bin/sh;
			shellScript = "diff \"${PODS_PODFILE_DIR_PATH}/Podfile.lock\" \"${PODS_ROOT}/Manifest.lock\" > /dev/null\nif [ $? != 0 ] ; then\n    # print error to STDERR\n    echo \"error: The sandbox is not in sync with the Podfile.lock. Run 'pod install' or update your CocoaPods installation.\" >&2\n    exit 1\nfi\n# This output is used by Xcode 'outputs' to avoid re-running this script phase.\necho \"SUCCESS\" > \"${SCRIPT_OUTPUT_FILE_0}\"\n";
			showEnvVarsInLog = 0;
		};
/* End PBXShellScriptBuildPhase section */

/* Begin PBXSourcesBuildPhase section */
		C201A99F21949914004E43D6 /* Sources */ = {
			isa = PBXSourcesBuildPhase;
			buildActionMask = 2147483647;
			files = (
				C22B9E1221997813004AFA0A /* NewMessageController.swift in Sources */,
				C223325E219A85F200B1F67E /* SignUpControllerExt.swift in Sources */,
				C201A9C121952A7B004E43D6 /* LoginViewController.swift in Sources */,
				C201A9BC219525BE004E43D6 /* UIColorHex.swift in Sources */,
				C201A9A921949914004E43D6 /* MessagesController.swift in Sources */,
				C2DA18E7219D046A00350D4D /* ChatLogViewController.swift in Sources */,
				C2DA18E5219BCE1200350D4D /* UIImageExt.swift in Sources */,
				C22B9E1721998159004AFA0A /* TestClass.swift in Sources */,
				C2DA18EC219D588400350D4D /* UserCell.swift in Sources */,
				C201A9C821956246004E43D6 /* EXTCollections.swift in Sources */,
				C2DA18E9219D507F00350D4D /* MessageModel.swift in Sources */,
				C201A9A721949914004E43D6 /* AppDelegate.swift in Sources */,
				C201A9CF21957177004E43D6 /* SpinnerViewController.swift in Sources */,
				C22B9E1521997B71004AFA0A /* UserModel.swift in Sources */,
				C28BE9E1219EC67600BE7B38 /* ChatMessageCell.swift in Sources */,
				C201A9C621953BD1004E43D6 /* SignUpViewController.swift in Sources */,
			);
			runOnlyForDeploymentPostprocessing = 0;
		};
/* End PBXSourcesBuildPhase section */

/* Begin PBXVariantGroup section */
		C201A9AF21949915004E43D6 /* LaunchScreen.storyboard */ = {
			isa = PBXVariantGroup;
			children = (
				C201A9B021949915004E43D6 /* Base */,
			);
			name = LaunchScreen.storyboard;
			sourceTree = "<group>";
		};
/* End PBXVariantGroup section */

/* Begin XCBuildConfiguration section */
		C201A9B321949915004E43D6 /* Debug */ = {
			isa = XCBuildConfiguration;
			buildSettings = {
				ALWAYS_SEARCH_USER_PATHS = NO;
				CLANG_ANALYZER_NONNULL = YES;
				CLANG_ANALYZER_NUMBER_OBJECT_CONVERSION = YES_AGGRESSIVE;
				CLANG_CXX_LANGUAGE_STANDARD = "gnu++14";
				CLANG_CXX_LIBRARY = "libc++";
				CLANG_ENABLE_MODULES = YES;
				CLANG_ENABLE_OBJC_ARC = YES;
				CLANG_ENABLE_OBJC_WEAK = YES;
				CLANG_WARN_BLOCK_CAPTURE_AUTORELEASING = YES;
				CLANG_WARN_BOOL_CONVERSION = YES;
				CLANG_WARN_COMMA = YES;
				CLANG_WARN_CONSTANT_CONVERSION = YES;
				CLANG_WARN_DEPRECATED_OBJC_IMPLEMENTATIONS = YES;
				CLANG_WARN_DIRECT_OBJC_ISA_USAGE = YES_ERROR;
				CLANG_WARN_DOCUMENTATION_COMMENTS = YES;
				CLANG_WARN_EMPTY_BODY = YES;
				CLANG_WARN_ENUM_CONVERSION = YES;
				CLANG_WARN_INFINITE_RECURSION = YES;
				CLANG_WARN_INT_CONVERSION = YES;
				CLANG_WARN_NON_LITERAL_NULL_CONVERSION = YES;
				CLANG_WARN_OBJC_IMPLICIT_RETAIN_SELF = YES;
				CLANG_WARN_OBJC_LITERAL_CONVERSION = YES;
				CLANG_WARN_OBJC_ROOT_CLASS = YES_ERROR;
				CLANG_WARN_RANGE_LOOP_ANALYSIS = YES;
				CLANG_WARN_STRICT_PROTOTYPES = YES;
				CLANG_WARN_SUSPICIOUS_MOVE = YES;
				CLANG_WARN_UNGUARDED_AVAILABILITY = YES_AGGRESSIVE;
				CLANG_WARN_UNREACHABLE_CODE = YES;
				CLANG_WARN__DUPLICATE_METHOD_MATCH = YES;
				CODE_SIGN_IDENTITY = "iPhone Developer";
				COPY_PHASE_STRIP = NO;
				DEBUG_INFORMATION_FORMAT = dwarf;
				ENABLE_STRICT_OBJC_MSGSEND = YES;
				ENABLE_TESTABILITY = YES;
				GCC_C_LANGUAGE_STANDARD = gnu11;
				GCC_DYNAMIC_NO_PIC = NO;
				GCC_NO_COMMON_BLOCKS = YES;
				GCC_OPTIMIZATION_LEVEL = 0;
				GCC_PREPROCESSOR_DEFINITIONS = (
					"DEBUG=1",
					"$(inherited)",
				);
				GCC_WARN_64_TO_32_BIT_CONVERSION = YES;
				GCC_WARN_ABOUT_RETURN_TYPE = YES_ERROR;
				GCC_WARN_UNDECLARED_SELECTOR = YES;
				GCC_WARN_UNINITIALIZED_AUTOS = YES_AGGRESSIVE;
				GCC_WARN_UNUSED_FUNCTION = YES;
				GCC_WARN_UNUSED_VARIABLE = YES;
				IPHONEOS_DEPLOYMENT_TARGET = 12.0;
				MTL_ENABLE_DEBUG_INFO = INCLUDE_SOURCE;
				MTL_FAST_MATH = YES;
				ONLY_ACTIVE_ARCH = YES;
				SDKROOT = iphoneos;
				SWIFT_ACTIVE_COMPILATION_CONDITIONS = DEBUG;
				SWIFT_OPTIMIZATION_LEVEL = "-Onone";
			};
			name = Debug;
		};
		C201A9B421949915004E43D6 /* Release */ = {
			isa = XCBuildConfiguration;
			buildSettings = {
				ALWAYS_SEARCH_USER_PATHS = NO;
				CLANG_ANALYZER_NONNULL = YES;
				CLANG_ANALYZER_NUMBER_OBJECT_CONVERSION = YES_AGGRESSIVE;
				CLANG_CXX_LANGUAGE_STANDARD = "gnu++14";
				CLANG_CXX_LIBRARY = "libc++";
				CLANG_ENABLE_MODULES = YES;
				CLANG_ENABLE_OBJC_ARC = YES;
				CLANG_ENABLE_OBJC_WEAK = YES;
				CLANG_WARN_BLOCK_CAPTURE_AUTORELEASING = YES;
				CLANG_WARN_BOOL_CONVERSION = YES;
				CLANG_WARN_COMMA = YES;
				CLANG_WARN_CONSTANT_CONVERSION = YES;
				CLANG_WARN_DEPRECATED_OBJC_IMPLEMENTATIONS = YES;
				CLANG_WARN_DIRECT_OBJC_ISA_USAGE = YES_ERROR;
				CLANG_WARN_DOCUMENTATION_COMMENTS = YES;
				CLANG_WARN_EMPTY_BODY = YES;
				CLANG_WARN_ENUM_CONVERSION = YES;
				CLANG_WARN_INFINITE_RECURSION = YES;
				CLANG_WARN_INT_CONVERSION = YES;
				CLANG_WARN_NON_LITERAL_NULL_CONVERSION = YES;
				CLANG_WARN_OBJC_IMPLICIT_RETAIN_SELF = YES;
				CLANG_WARN_OBJC_LITERAL_CONVERSION = YES;
				CLANG_WARN_OBJC_ROOT_CLASS = YES_ERROR;
				CLANG_WARN_RANGE_LOOP_ANALYSIS = YES;
				CLANG_WARN_STRICT_PROTOTYPES = YES;
				CLANG_WARN_SUSPICIOUS_MOVE = YES;
				CLANG_WARN_UNGUARDED_AVAILABILITY = YES_AGGRESSIVE;
				CLANG_WARN_UNREACHABLE_CODE = YES;
				CLANG_WARN__DUPLICATE_METHOD_MATCH = YES;
				CODE_SIGN_IDENTITY = "iPhone Developer";
				COPY_PHASE_STRIP = NO;
				DEBUG_INFORMATION_FORMAT = "dwarf-with-dsym";
				ENABLE_NS_ASSERTIONS = NO;
				ENABLE_STRICT_OBJC_MSGSEND = YES;
				GCC_C_LANGUAGE_STANDARD = gnu11;
				GCC_NO_COMMON_BLOCKS = YES;
				GCC_WARN_64_TO_32_BIT_CONVERSION = YES;
				GCC_WARN_ABOUT_RETURN_TYPE = YES_ERROR;
				GCC_WARN_UNDECLARED_SELECTOR = YES;
				GCC_WARN_UNINITIALIZED_AUTOS = YES_AGGRESSIVE;
				GCC_WARN_UNUSED_FUNCTION = YES;
				GCC_WARN_UNUSED_VARIABLE = YES;
				IPHONEOS_DEPLOYMENT_TARGET = 12.0;
				MTL_ENABLE_DEBUG_INFO = NO;
				MTL_FAST_MATH = YES;
				SDKROOT = iphoneos;
				SWIFT_COMPILATION_MODE = wholemodule;
				SWIFT_OPTIMIZATION_LEVEL = "-O";
				VALIDATE_PRODUCT = YES;
			};
			name = Release;
		};
		C201A9B621949915004E43D6 /* Debug */ = {
			isa = XCBuildConfiguration;
			baseConfigurationReference = FC2ED27E98DC924B2717C30E /* Pods-KChic-Chat.debug.xcconfig */;
			buildSettings = {
				ASSETCATALOG_COMPILER_APPICON_NAME = AppIcon;
				CODE_SIGN_STYLE = Automatic;
				INFOPLIST_FILE = "KChic-Chat/Info.plist";
				LD_RUNPATH_SEARCH_PATHS = (
					"$(inherited)",
					"@executable_path/Frameworks",
				);
				PRODUCT_BUNDLE_IDENTIFIER = "com.iengpho.KChic-Chat";
				PRODUCT_NAME = "$(TARGET_NAME)";
				SWIFT_VERSION = 4.2;
				TARGETED_DEVICE_FAMILY = "1,2";
			};
			name = Debug;
		};
		C201A9B721949915004E43D6 /* Release */ = {
			isa = XCBuildConfiguration;
			baseConfigurationReference = 9F8F8B1C5153C2A4F0A6A747 /* Pods-KChic-Chat.release.xcconfig */;
			buildSettings = {
				ASSETCATALOG_COMPILER_APPICON_NAME = AppIcon;
				CODE_SIGN_STYLE = Automatic;
				INFOPLIST_FILE = "KChic-Chat/Info.plist";
				LD_RUNPATH_SEARCH_PATHS = (
					"$(inherited)",
					"@executable_path/Frameworks",
				);
				PRODUCT_BUNDLE_IDENTIFIER = "com.iengpho.KChic-Chat";
				PRODUCT_NAME = "$(TARGET_NAME)";
				SWIFT_VERSION = 4.2;
				TARGETED_DEVICE_FAMILY = "1,2";
			};
			name = Release;
		};
/* End XCBuildConfiguration section */

/* Begin XCConfigurationList section */
		C201A99E21949914004E43D6 /* Build configuration list for PBXProject "KChic-Chat" */ = {
			isa = XCConfigurationList;
			buildConfigurations = (
				C201A9B321949915004E43D6 /* Debug */,
				C201A9B421949915004E43D6 /* Release */,
			);
			defaultConfigurationIsVisible = 0;
			defaultConfigurationName = Release;
		};
		C201A9B521949915004E43D6 /* Build configuration list for PBXNativeTarget "KChic-Chat" */ = {
			isa = XCConfigurationList;
			buildConfigurations = (
				C201A9B621949915004E43D6 /* Debug */,
				C201A9B721949915004E43D6 /* Release */,
			);
			defaultConfigurationIsVisible = 0;
			defaultConfigurationName = Release;
		};
/* End XCConfigurationList section */
	};
	rootObject = C201A99B21949914004E43D6 /* Project object */;
}
